
Microsoft Visual Studio Solution File, Format Version 12.00
# Visual Studio Version 17
VisualStudioVersion = 17.2.32526.322
MinimumVisualStudioVersion = 10.0.40219.1
Project("{9A19103F-16F7-4668-BE54-9A1E7A4F7556}") = "BenkyouBot", "BenkyouBot\BenkyouBot.csproj", "{4AAE544A-FA91-429D-8E0A-2F4C859D2310}"
EndProject
Project("{9A19103F-16F7-4668-BE54-9A1E7A4F7556}") = "Benkyou", "Benkyou\Benkyou.csproj", "{141B2E6F-3863-4C34-9F85-5DF9BB654D76}"
EndProject
Project("{2150E333-8FDC-42A3-9474-1A3956D46DE8}") = "Solution Items", "Solution Items", "{E8D77AE7-D00D-4753-9CF4-1227B8CF5097}"
	ProjectSection(SolutionItems) = preProject
		docker-compose.yml = docker-compose.yml
		README.md = README.md
	EndProjectSection
EndProject
Global
	GlobalSection(SolutionConfigurationPlatforms) = preSolution
		Debug|Any CPU = Debug|Any CPU
		Release|Any CPU = Release|Any CPU
	EndGlobalSection
	GlobalSection(ProjectConfigurationPlatforms) = postSolution
		{4AAE544A-FA91-429D-8E0A-2F4C859D2310}.Debug|Any CPU.ActiveCfg = Debug|Any CPU
		{4AAE544A-FA91-429D-8E0A-2F4C859D2310}.Debug|Any CPU.Build.0 = Debug|Any CPU
		{4AAE544A-FA91-429D-8E0A-2F4C859D2310}.Release|Any CPU.ActiveCfg = Release|Any CPU
		{4AAE544A-FA91-429D-8E0A-2F4C859D2310}.Release|Any CPU.Build.0 = Release|Any CPU
		{141B2E6F-3863-4C34-9F85-5DF9BB654D76}.Debug|Any CPU.ActiveCfg = Debug|Any CPU
		{141B2E6F-3863-4C34-9F85-5DF9BB654D76}.Debug|Any CPU.Build.0 = Debug|Any CPU
		{141B2E6F-3863-4C34-9F85-5DF9BB654D76}.Release|Any CPU.ActiveCfg = Release|Any CPU
		{141B2E6F-3863-4C34-9F85-5DF9BB654D76}.Release|Any CPU.Build.0 = Release|Any CPU
	EndGlobalSection
	GlobalSection(SolutionProperties) = preSolution
		HideSolutionNode = FALSE
	EndGlobalSection
	GlobalSection(ExtensibilityGlobals) = postSolution
		SolutionGuid = {62B55E7D-04BD-4AE8-9E3A-51B33FD18132}
	EndGlobalSection
EndGlobal
